
Microsoft Visual Studio Solution File, Format Version 12.00
# Visual Studio Version 17
VisualStudioVersion = 17.11.35327.3
MinimumVisualStudioVersion = 10.0.40219.1
Project("{FAE04EC0-301F-11D3-BF4B-00C04F79EFBC}") = "MahApps", "MahApps.csproj", "{DE01412B-FC97-4467-8724-BC128B989457}"
EndProject
Global
	GlobalSection(SolutionConfigurationPlatforms) = preSolution
		Debug|Any CPU = Debug|Any CPU
		Release|Any CPU = Release|Any CPU
	EndGlobalSection
	GlobalSection(ProjectConfigurationPlatforms) = postSolution
		{DE01412B-FC97-4467-8724-BC128B989457}.Debug|Any CPU.ActiveCfg = Debug|Any CPU
		{DE01412B-FC97-4467-8724-BC128B989457}.Debug|Any CPU.Build.0 = Debug|Any CPU
		{DE01412B-FC97-4467-8724-BC128B989457}.Release|Any CPU.ActiveCfg = Release|Any CPU
		{DE01412B-FC97-4467-8724-BC128B989457}.Release|Any CPU.Build.0 = Release|Any CPU
	EndGlobalSection
	GlobalSection(SolutionProperties) = preSolution
		HideSolutionNode = FALSE
	EndGlobalSection
	GlobalSection(ExtensibilityGlobals) = postSolution
		SolutionGuid = {50F7E912-069C-4D79-846A-0ACED4A7F78D}
	EndGlobalSection
EndGlobal
